
Microsoft Visual Studio Solution File, Format Version 12.00
# Visual Studio Version 17
VisualStudioVersion = 17.5.33516.290
MinimumVisualStudioVersion = 10.0.40219.1
Project("{FAE04EC0-301F-11D3-BF4B-00C04F79EFBC}") = "Sauraav_POE", "Sauraav_POE\Sauraav_POE.csproj", "{2BAD155F-4CDA-4539-AEBD-42F6DC3EE232}"
EndProject
Global
	GlobalSection(SolutionConfigurationPlatforms) = preSolution
		Debug|Any CPU = Debug|Any CPU
		Release|Any CPU = Release|Any CPU
	EndGlobalSection
	GlobalSection(ProjectConfigurationPlatforms) = postSolution
		{2BAD155F-4CDA-4539-AEBD-42F6DC3EE232}.Debug|Any CPU.ActiveCfg = Debug|Any CPU
		{2BAD155F-4CDA-4539-AEBD-42F6DC3EE232}.Debug|Any CPU.Build.0 = Debug|Any CPU
		{2BAD155F-4CDA-4539-AEBD-42F6DC3EE232}.Release|Any CPU.ActiveCfg = Release|Any CPU
		{2BAD155F-4CDA-4539-AEBD-42F6DC3EE232}.Release|Any CPU.Build.0 = Release|Any CPU
	EndGlobalSection
	GlobalSection(SolutionProperties) = preSolution
		HideSolutionNode = FALSE
	EndGlobalSection
	GlobalSection(ExtensibilityGlobals) = postSolution
		SolutionGuid = {F5D03E8C-958A-42EA-8F84-EB9F4ECF2627}
	EndGlobalSection
EndGlobal
